// !$*UTF8*$!
{
	archiveVersion = 1;
	classes = {
	};
	objectVersion = 55;
	objects = {

/* Begin PBXBuildFile section */
		0A7DBD9D2755966000956755 /* AppDelegate.swift in Sources */ = {isa = PBXBuildFile; fileRef = 0A7DBD9C2755966000956755 /* AppDelegate.swift */; };
		0A7DBD9F2755966000956755 /* SceneDelegate.swift in Sources */ = {isa = PBXBuildFile; fileRef = 0A7DBD9E2755966000956755 /* SceneDelegate.swift */; };
		0A7DBDA12755966000956755 /* ViewController.swift in Sources */ = {isa = PBXBuildFile; fileRef = 0A7DBDA02755966000956755 /* ViewController.swift */; };
		0A7DBDA42755966000956755 /* Main.storyboard in Resources */ = {isa = PBXBuildFile; fileRef = 0A7DBDA22755966000956755 /* Main.storyboard */; };
		0A7DBDA62755966100956755 /* Assets.xcassets in Resources */ = {isa = PBXBuildFile; fileRef = 0A7DBDA52755966100956755 /* Assets.xcassets */; };
		0A7DBDA92755966100956755 /* LaunchScreen.storyboard in Resources */ = {isa = PBXBuildFile; fileRef = 0A7DBDA72755966100956755 /* LaunchScreen.storyboard */; };
		0A7DBDB42755966200956755 /* SimpleUnitTestTests.swift in Sources */ = {isa = PBXBuildFile; fileRef = 0A7DBDB32755966200956755 /* SimpleUnitTestTests.swift */; };
		0A7DBDBE2755966200956755 /* SimpleUnitTestUITests.swift in Sources */ = {isa = PBXBuildFile; fileRef = 0A7DBDBD2755966200956755 /* SimpleUnitTestUITests.swift */; };
		0A7DBDC02755966200956755 /* SimpleUnitTestUITestsLaunchTests.swift in Sources */ = {isa = PBXBuildFile; fileRef = 0A7DBDBF2755966200956755 /* SimpleUnitTestUITestsLaunchTests.swift */; };
/* End PBXBuildFile section */

/* Begin PBXContainerItemProxy section */
		0A7DBDB02755966200956755 /* PBXContainerItemProxy */ = {
			isa = PBXContainerItemProxy;
			containerPortal = 0A7DBD912755966000956755 /* Project object */;
			proxyType = 1;
			remoteGlobalIDString = 0A7DBD982755966000956755;
			remoteInfo = SimpleUnitTest;
		};
		0A7DBDBA2755966200956755 /* PBXContainerItemProxy */ = {
			isa = PBXContainerItemProxy;
			containerPortal = 0A7DBD912755966000956755 /* Project object */;
			proxyType = 1;
			remoteGlobalIDString = 0A7DBD982755966000956755;
			remoteInfo = SimpleUnitTest;
		};
/* End PBXContainerItemProxy section */

/* Begin PBXFileReference section */
		0A7DBD992755966000956755 /* SimpleUnitTest.app */ = {isa = PBXFileReference; explicitFileType = wrapper.application; includeInIndex = 0; path = SimpleUnitTest.app; sourceTree = BUILT_PRODUCTS_DIR; };
		0A7DBD9C2755966000956755 /* AppDelegate.swift */ = {isa = PBXFileReference; lastKnownFileType = sourcecode.swift; path = AppDelegate.swift; sourceTree = "<group>"; };
		0A7DBD9E2755966000956755 /* SceneDelegate.swift */ = {isa = PBXFileReference; lastKnownFileType = sourcecode.swift; path = SceneDelegate.swift; sourceTree = "<group>"; };
		0A7DBDA02755966000956755 /* ViewController.swift */ = {isa = PBXFileReference; lastKnownFileType = sourcecode.swift; path = ViewController.swift; sourceTree = "<group>"; };
		0A7DBDA32755966000956755 /* Base */ = {isa = PBXFileReference; lastKnownFileType = file.storyboard; name = Base; path = Base.lproj/Main.storyboard; sourceTree = "<group>"; };
		0A7DBDA52755966100956755 /* Assets.xcassets */ = {isa = PBXFileReference; lastKnownFileType = folder.assetcatalog; path = Assets.xcassets; sourceTree = "<group>"; };
		0A7DBDA82755966100956755 /* Base */ = {isa = PBXFileReference; lastKnownFileType = file.storyboard; name = Base; path = Base.lproj/LaunchScreen.storyboard; sourceTree = "<group>"; };
		0A7DBDAA2755966100956755 /* Info.plist */ = {isa = PBXFileReference; lastKnownFileType = text.plist.xml; path = Info.plist; sourceTree = "<group>"; };
		0A7DBDAF2755966200956755 /* SimpleUnitTestTests.xctest */ = {isa = PBXFileReference; explicitFileType = wrapper.cfbundle; includeInIndex = 0; path = SimpleUnitTestTests.xctest; sourceTree = BUILT_PRODUCTS_DIR; };
		0A7DBDB32755966200956755 /* SimpleUnitTestTests.swift */ = {isa = PBXFileReference; lastKnownFileType = sourcecode.swift; path = SimpleUnitTestTests.swift; sourceTree = "<group>"; };
		0A7DBDB92755966200956755 /* SimpleUnitTestUITests.xctest */ = {isa = PBXFileReference; explicitFileType = wrapper.cfbundle; includeInIndex = 0; path = SimpleUnitTestUITests.xctest; sourceTree = BUILT_PRODUCTS_DIR; };
		0A7DBDBD2755966200956755 /* SimpleUnitTestUITests.swift */ = {isa = PBXFileReference; lastKnownFileType = sourcecode.swift; path = SimpleUnitTestUITests.swift; sourceTree = "<group>"; };
		0A7DBDBF2755966200956755 /* SimpleUnitTestUITestsLaunchTests.swift */ = {isa = PBXFileReference; lastKnownFileType = sourcecode.swift; path = SimpleUnitTestUITestsLaunchTests.swift; sourceTree = "<group>"; };
/* End PBXFileReference section */

/* Begin PBXFrameworksBuildPhase section */
		0A7DBD962755966000956755 /* Frameworks */ = {
			isa = PBXFrameworksBuildPhase;
			buildActionMask = 2147483647;
			files = (
			);
			runOnlyForDeploymentPostprocessing = 0;
		};
		0A7DBDAC2755966200956755 /* Frameworks */ = {
			isa = PBXFrameworksBuildPhase;
			buildActionMask = 2147483647;
			files = (
			);
			runOnlyForDeploymentPostprocessing = 0;
		};
		0A7DBDB62755966200956755 /* Frameworks */ = {
			isa = PBXFrameworksBuildPhase;
			buildActionMask = 2147483647;
			files = (
			);
			runOnlyForDeploymentPostprocessing = 0;
		};
/* End PBXFrameworksBuildPhase section */

/* Begin PBXGroup section */
		0A7DBD902755966000956755 = {
			isa = PBXGroup;
			children = (
				0A7DBD9B2755966000956755 /* SimpleUnitTest */,
				0A7DBDB22755966200956755 /* SimpleUnitTestTests */,
				0A7DBDBC2755966200956755 /* SimpleUnitTestUITests */,
				0A7DBD9A2755966000956755 /* Products */,
			);
			sourceTree = "<group>";
		};
		0A7DBD9A2755966000956755 /* Products */ = {
			isa = PBXGroup;
			children = (
				0A7DBD992755966000956755 /* SimpleUnitTest.app */,
				0A7DBDAF2755966200956755 /* SimpleUnitTestTests.xctest */,
				0A7DBDB92755966200956755 /* SimpleUnitTestUITests.xctest */,
			);
			name = Products;
			sourceTree = "<group>";
		};
		0A7DBD9B2755966000956755 /* SimpleUnitTest */ = {
			isa = PBXGroup;
			children = (
				0A7DBD9C2755966000956755 /* AppDelegate.swift */,
				0A7DBD9E2755966000956755 /* SceneDelegate.swift */,
				0A7DBDA02755966000956755 /* ViewController.swift */,
				0A7DBDA22755966000956755 /* Main.storyboard */,
				0A7DBDA52755966100956755 /* Assets.xcassets */,
				0A7DBDA72755966100956755 /* LaunchScreen.storyboard */,
				0A7DBDAA2755966100956755 /* Info.plist */,
			);
			path = SimpleUnitTest;
			sourceTree = "<group>";
		};
		0A7DBDB22755966200956755 /* SimpleUnitTestTests */ = {
			isa = PBXGroup;
			children = (
				0A7DBDB32755966200956755 /* SimpleUnitTestTests.swift */,
			);
			path = SimpleUnitTestTests;
			sourceTree = "<group>";
		};
		0A7DBDBC2755966200956755 /* SimpleUnitTestUITests */ = {
			isa = PBXGroup;
			children = (
				0A7DBDBD2755966200956755 /* SimpleUnitTestUITests.swift */,
				0A7DBDBF2755966200956755 /* SimpleUnitTestUITestsLaunchTests.swift */,
			);
			path = SimpleUnitTestUITests;
			sourceTree = "<group>";
		};
/* End PBXGroup section */

/* Begin PBXNativeTarget section */
		0A7DBD982755966000956755 /* SimpleUnitTest */ = {
			isa = PBXNativeTarget;
			buildConfigurationList = 0A7DBDC32755966200956755 /* Build configuration list for PBXNativeTarget "SimpleUnitTest" */;
			buildPhases = (
				0A7DBD952755966000956755 /* Sources */,
				0A7DBD962755966000956755 /* Frameworks */,
				0A7DBD972755966000956755 /* Resources */,
			);
			buildRules = (
			);
			dependencies = (
			);
			name = SimpleUnitTest;
			productName = SimpleUnitTest;
			productReference = 0A7DBD992755966000956755 /* SimpleUnitTest.app */;
			productType = "com.apple.product-type.application";
		};
		0A7DBDAE2755966200956755 /* SimpleUnitTestTests */ = {
			isa = PBXNativeTarget;
			buildConfigurationList = 0A7DBDC62755966200956755 /* Build configuration list for PBXNativeTarget "SimpleUnitTestTests" */;
			buildPhases = (
				0A7DBDAB2755966200956755 /* Sources */,
				0A7DBDAC2755966200956755 /* Frameworks */,
				0A7DBDAD2755966200956755 /* Resources */,
			);
			buildRules = (
			);
			dependencies = (
				0A7DBDB12755966200956755 /* PBXTargetDependency */,
			);
			name = SimpleUnitTestTests;
			productName = SimpleUnitTestTests;
			productReference = 0A7DBDAF2755966200956755 /* SimpleUnitTestTests.xctest */;
			productType = "com.apple.product-type.bundle.unit-test";
		};
		0A7DBDB82755966200956755 /* SimpleUnitTestUITests */ = {
			isa = PBXNativeTarget;
			buildConfigurationList = 0A7DBDC92755966200956755 /* Build configuration list for PBXNativeTarget "SimpleUnitTestUITests" */;
			buildPhases = (
				0A7DBDB52755966200956755 /* Sources */,
				0A7DBDB62755966200956755 /* Frameworks */,
				0A7DBDB72755966200956755 /* Resources */,
			);
			buildRules = (
			);
			dependencies = (
				0A7DBDBB2755966200956755 /* PBXTargetDependency */,
			);
			name = SimpleUnitTestUITests;
			productName = SimpleUnitTestUITests;
			productReference = 0A7DBDB92755966200956755 /* SimpleUnitTestUITests.xctest */;
			productType = "com.apple.product-type.bundle.ui-testing";
		};
/* End PBXNativeTarget section */

/* Begin PBXProject section */
		0A7DBD912755966000956755 /* Project object */ = {
			isa = PBXProject;
			attributes = {
				BuildIndependentTargetsInParallel = 1;
				LastSwiftUpdateCheck = 1300;
				LastUpgradeCheck = 1300;
				TargetAttributes = {
					0A7DBD982755966000956755 = {
						CreatedOnToolsVersion = 13.0;
					};
					0A7DBDAE2755966200956755 = {
						CreatedOnToolsVersion = 13.0;
						TestTargetID = 0A7DBD982755966000956755;
					};
					0A7DBDB82755966200956755 = {
						CreatedOnToolsVersion = 13.0;
						TestTargetID = 0A7DBD982755966000956755;
					};
				};
			};
			buildConfigurationList = 0A7DBD942755966000956755 /* Build configuration list for PBXProject "SimpleUnitTest" */;
			compatibilityVersion = "Xcode 13.0";
			developmentRegion = en;
			hasScannedForEncodings = 0;
			knownRegions = (
				en,
				Base,
			);
			mainGroup = 0A7DBD902755966000956755;
			productRefGroup = 0A7DBD9A2755966000956755 /* Products */;
			projectDirPath = "";
			projectRoot = "";
			targets = (
				0A7DBD982755966000956755 /* SimpleUnitTest */,
				0A7DBDAE2755966200956755 /* SimpleUnitTestTests */,
				0A7DBDB82755966200956755 /* SimpleUnitTestUITests */,
			);
		};
/* End PBXProject section */

/* Begin PBXResourcesBuildPhase section */
		0A7DBD972755966000956755 /* Resources */ = {
			isa = PBXResourcesBuildPhase;
			buildActionMask = 2147483647;
			files = (
				0A7DBDA92755966100956755 /* LaunchScreen.storyboard in Resources */,
				0A7DBDA62755966100956755 /* Assets.xcassets in Resources */,
				0A7DBDA42755966000956755 /* Main.storyboard in Resources */,
			);
			runOnlyForDeploymentPostprocessing = 0;
		};
		0A7DBDAD2755966200956755 /* Resources */ = {
			isa = PBXResourcesBuildPhase;
			buildActionMask = 2147483647;
			files = (
			);
			runOnlyForDeploymentPostprocessing = 0;
		};
		0A7DBDB72755966200956755 /* Resources */ = {
			isa = PBXResourcesBuildPhase;
			buildActionMask = 2147483647;
			files = (
			);
			runOnlyForDeploymentPostprocessing = 0;
		};
/* End PBXResourcesBuildPhase section */

/* Begin PBXSourcesBuildPhase section */
		0A7DBD952755966000956755 /* Sources */ = {
			isa = PBXSourcesBuildPhase;
			buildActionMask = 2147483647;
			files = (
				0A7DBDA12755966000956755 /* ViewController.swift in Sources */,
				0A7DBD9D2755966000956755 /* AppDelegate.swift in Sources */,
				0A7DBD9F2755966000956755 /* SceneDelegate.swift in Sources */,
			);
			runOnlyForDeploymentPostprocessing = 0;
		};
		0A7DBDAB2755966200956755 /* Sources */ = {
			isa = PBXSourcesBuildPhase;
			buildActionMask = 2147483647;
			files = (
				0A7DBDB42755966200956755 /* SimpleUnitTestTests.swift in Sources */,
			);
			runOnlyForDeploymentPostprocessing = 0;
		};
		0A7DBDB52755966200956755 /* Sources */ = {
			isa = PBXSourcesBuildPhase;
			buildActionMask = 2147483647;
			files = (
				0A7DBDC02755966200956755 /* SimpleUnitTestUITestsLaunchTests.swift in Sources */,
				0A7DBDBE2755966200956755 /* SimpleUnitTestUITests.swift in Sources */,
			);
			runOnlyForDeploymentPostprocessing = 0;
		};
/* End PBXSourcesBuildPhase section */

/* Begin PBXTargetDependency section */
		0A7DBDB12755966200956755 /* PBXTargetDependency */ = {
			isa = PBXTargetDependency;
			target = 0A7DBD982755966000956755 /* SimpleUnitTest */;
			targetProxy = 0A7DBDB02755966200956755 /* PBXContainerItemProxy */;
		};
		0A7DBDBB2755966200956755 /* PBXTargetDependency */ = {
			isa = PBXTargetDependency;
			target = 0A7DBD982755966000956755 /* SimpleUnitTest */;
			targetProxy = 0A7DBDBA2755966200956755 /* PBXContainerItemProxy */;
		};
/* End PBXTargetDependency section */

/* Begin PBXVariantGroup section */
		0A7DBDA22755966000956755 /* Main.storyboard */ = {
			isa = PBXVariantGroup;
			children = (
				0A7DBDA32755966000956755 /* Base */,
			);
			name = Main.storyboard;
			sourceTree = "<group>";
		};
		0A7DBDA72755966100956755 /* LaunchScreen.storyboard */ = {
			isa = PBXVariantGroup;
			children = (
				0A7DBDA82755966100956755 /* Base */,
			);
			name = LaunchScreen.storyboard;
			sourceTree = "<group>";
		};
/* End PBXVariantGroup section */

/* Begin XCBuildConfiguration section */
		0A7DBDC12755966200956755 /* Debug */ = {
			isa = XCBuildConfiguration;
			buildSettings = {
				ALWAYS_SEARCH_USER_PATHS = NO;
				CLANG_ANALYZER_NONNULL = YES;
				CLANG_ANALYZER_NUMBER_OBJECT_CONVERSION = YES_AGGRESSIVE;
				CLANG_CXX_LANGUAGE_STANDARD = "gnu++17";
				CLANG_CXX_LIBRARY = "libc++";
				CLANG_ENABLE_MODULES = YES;
				CLANG_ENABLE_OBJC_ARC = YES;
				CLANG_ENABLE_OBJC_WEAK = YES;
				CLANG_WARN_BLOCK_CAPTURE_AUTORELEASING = YES;
				CLANG_WARN_BOOL_CONVERSION = YES;
				CLANG_WARN_COMMA = YES;
				CLANG_WARN_CONSTANT_CONVERSION = YES;
				CLANG_WARN_DEPRECATED_OBJC_IMPLEMENTATIONS = YES;
				CLANG_WARN_DIRECT_OBJC_ISA_USAGE = YES_ERROR;
				CLANG_WARN_DOCUMENTATION_COMMENTS = YES;
				CLANG_WARN_EMPTY_BODY = YES;
				CLANG_WARN_ENUM_CONVERSION = YES;
				CLANG_WARN_INFINITE_RECURSION = YES;
				CLANG_WARN_INT_CONVERSION = YES;
				CLANG_WARN_NON_LITERAL_NULL_CONVERSION = YES;
				CLANG_WARN_OBJC_IMPLICIT_RETAIN_SELF = YES;
				CLANG_WARN_OBJC_LITERAL_CONVERSION = YES;
				CLANG_WARN_OBJC_ROOT_CLASS = YES_ERROR;
				CLANG_WARN_QUOTED_INCLUDE_IN_FRAMEWORK_HEADER = YES;
				CLANG_WARN_RANGE_LOOP_ANALYSIS = YES;
				CLANG_WARN_STRICT_PROTOTYPES = YES;
				CLANG_WARN_SUSPICIOUS_MOVE = YES;
				CLANG_WARN_UNGUARDED_AVAILABILITY = YES_AGGRESSIVE;
				CLANG_WARN_UNREACHABLE_CODE = YES;
				CLANG_WARN__DUPLICATE_METHOD_MATCH = YES;
				COPY_PHASE_STRIP = NO;
				DEBUG_INFORMATION_FORMAT = dwarf;
				ENABLE_STRICT_OBJC_MSGSEND = YES;
				ENABLE_TESTABILITY = YES;
				GCC_C_LANGUAGE_STANDARD = gnu11;
				GCC_DYNAMIC_NO_PIC = NO;
				GCC_NO_COMMON_BLOCKS = YES;
				GCC_OPTIMIZATION_LEVEL = 0;
				GCC_PREPROCESSOR_DEFINITIONS = (
					"DEBUG=1",
					"$(inherited)",
				);
				GCC_WARN_64_TO_32_BIT_CONVERSION = YES;
				GCC_WARN_ABOUT_RETURN_TYPE = YES_ERROR;
				GCC_WARN_UNDECLARED_SELECTOR = YES;
				GCC_WARN_UNINITIALIZED_AUTOS = YES_AGGRESSIVE;
				GCC_WARN_UNUSED_FUNCTION = YES;
				GCC_WARN_UNUSED_VARIABLE = YES;
				IPHONEOS_DEPLOYMENT_TARGET = 15.0;
				MTL_ENABLE_DEBUG_INFO = INCLUDE_SOURCE;
				MTL_FAST_MATH = YES;
				ONLY_ACTIVE_ARCH = YES;
				SDKROOT = iphoneos;
				SWIFT_ACTIVE_COMPILATION_CONDITIONS = DEBUG;
				SWIFT_OPTIMIZATION_LEVEL = "-Onone";
			};
			name = Debug;
		};
		0A7DBDC22755966200956755 /* Release */ = {
			isa = XCBuildConfiguration;
			buildSettings = {
				ALWAYS_SEARCH_USER_PATHS = NO;
				CLANG_ANALYZER_NONNULL = YES;
				CLANG_ANALYZER_NUMBER_OBJECT_CONVERSION = YES_AGGRESSIVE;
				CLANG_CXX_LANGUAGE_STANDARD = "gnu++17";
				CLANG_CXX_LIBRARY = "libc++";
				CLANG_ENABLE_MODULES = YES;
				CLANG_ENABLE_OBJC_ARC = YES;
				CLANG_ENABLE_OBJC_WEAK = YES;
				CLANG_WARN_BLOCK_CAPTURE_AUTORELEASING = YES;
				CLANG_WARN_BOOL_CONVERSION = YES;
				CLANG_WARN_COMMA = YES;
				CLANG_WARN_CONSTANT_CONVERSION = YES;
				CLANG_WARN_DEPRECATED_OBJC_IMPLEMENTATIONS = YES;
				CLANG_WARN_DIRECT_OBJC_ISA_USAGE = YES_ERROR;
				CLANG_WARN_DOCUMENTATION_COMMENTS = YES;
				CLANG_WARN_EMPTY_BODY = YES;
				CLANG_WARN_ENUM_CONVERSION = YES;
				CLANG_WARN_INFINITE_RECURSION = YES;
				CLANG_WARN_INT_CONVERSION = YES;
				CLANG_WARN_NON_LITERAL_NULL_CONVERSION = YES;
				CLANG_WARN_OBJC_IMPLICIT_RETAIN_SELF = YES;
				CLANG_WARN_OBJC_LITERAL_CONVERSION = YES;
				CLANG_WARN_OBJC_ROOT_CLASS = YES_ERROR;
				CLANG_WARN_QUOTED_INCLUDE_IN_FRAMEWORK_HEADER = YES;
				CLANG_WARN_RANGE_LOOP_ANALYSIS = YES;
				CLANG_WARN_STRICT_PROTOTYPES = YES;
				CLANG_WARN_SUSPICIOUS_MOVE = YES;
				CLANG_WARN_UNGUARDED_AVAILABILITY = YES_AGGRESSIVE;
				CLANG_WARN_UNREACHABLE_CODE = YES;
				CLANG_WARN__DUPLICATE_METHOD_MATCH = YES;
				COPY_PHASE_STRIP = NO;
				DEBUG_INFORMATION_FORMAT = "dwarf-with-dsym";
				ENABLE_NS_ASSERTIONS = NO;
				ENABLE_STRICT_OBJC_MSGSEND = YES;
				GCC_C_LANGUAGE_STANDARD = gnu11;
				GCC_NO_COMMON_BLOCKS = YES;
				GCC_WARN_64_TO_32_BIT_CONVERSION = YES;
				GCC_WARN_ABOUT_RETURN_TYPE = YES_ERROR;
				GCC_WARN_UNDECLARED_SELECTOR = YES;
				GCC_WARN_UNINITIALIZED_AUTOS = YES_AGGRESSIVE;
				GCC_WARN_UNUSED_FUNCTION = YES;
				GCC_WARN_UNUSED_VARIABLE = YES;
				IPHONEOS_DEPLOYMENT_TARGET = 15.0;
				MTL_ENABLE_DEBUG_INFO = NO;
				MTL_FAST_MATH = YES;
				SDKROOT = iphoneos;
				SWIFT_COMPILATION_MODE = wholemodule;
				SWIFT_OPTIMIZATION_LEVEL = "-O";
				VALIDATE_PRODUCT = YES;
			};
			name = Release;
		};
		0A7DBDC42755966200956755 /* Debug */ = {
			isa = XCBuildConfiguration;
			buildSettings = {
				ASSETCATALOG_COMPILER_APPICON_NAME = AppIcon;
				ASSETCATALOG_COMPILER_GLOBAL_ACCENT_COLOR_NAME = AccentColor;
				CODE_SIGN_STYLE = Automatic;
				CURRENT_PROJECT_VERSION = 1;
				DEVELOPMENT_TEAM = ZUMG9R88LL;
				GENERATE_INFOPLIST_FILE = YES;
				INFOPLIST_FILE = SimpleUnitTest/Info.plist;
				INFOPLIST_KEY_UIApplicationSupportsIndirectInputEvents = YES;
				INFOPLIST_KEY_UILaunchStoryboardName = LaunchScreen;
				INFOPLIST_KEY_UIMainStoryboardFile = Main;
				INFOPLIST_KEY_UISupportedInterfaceOrientations_iPad = "UIInterfaceOrientationPortrait UIInterfaceOrientationPortraitUpsideDown UIInterfaceOrientationLandscapeLeft UIInterfaceOrientationLandscapeRight";
				INFOPLIST_KEY_UISupportedInterfaceOrientations_iPhone = "UIInterfaceOrientationPortrait UIInterfaceOrientationLandscapeLeft UIInterfaceOrientationLandscapeRight";
				LD_RUNPATH_SEARCH_PATHS = (
					"$(inherited)",
					"@executable_path/Frameworks",
				);
				MARKETING_VERSION = 1.0;
				PRODUCT_BUNDLE_IDENTIFIER = com.SimpleUnitTest;
				PRODUCT_NAME = "$(TARGET_NAME)";
				SWIFT_EMIT_LOC_STRINGS = YES;
				SWIFT_VERSION = 5.0;
				TARGETED_DEVICE_FAMILY = "1,2";
			};
			name = Debug;
		};
		0A7DBDC52755966200956755 /* Release */ = {
			isa = XCBuildConfiguration;
			buildSettings = {
				ASSETCATALOG_COMPILER_APPICON_NAME = AppIcon;
				ASSETCATALOG_COMPILER_GLOBAL_ACCENT_COLOR_NAME = AccentColor;
				CODE_SIGN_STYLE = Automatic;
				CURRENT_PROJECT_VERSION = 1;
				DEVELOPMENT_TEAM = ZUMG9R88LL;
				GENERATE_INFOPLIST_FILE = YES;
				INFOPLIST_FILE = SimpleUnitTest/Info.plist;
				INFOPLIST_KEY_UIApplicationSupportsIndirectInputEvents = YES;
				INFOPLIST_KEY_UILaunchStoryboardName = LaunchScreen;
				INFOPLIST_KEY_UIMainStoryboardFile = Main;
				INFOPLIST_KEY_UISupportedInterfaceOrientations_iPad = "UIInterfaceOrientationPortrait UIInterfaceOrientationPortraitUpsideDown UIInterfaceOrientationLandscapeLeft UIInterfaceOrientationLandscapeRight";
				INFOPLIST_KEY_UISupportedInterfaceOrientations_iPhone = "UIInterfaceOrientationPortrait UIInterfaceOrientationLandscapeLeft UIInterfaceOrientationLandscapeRight";
				LD_RUNPATH_SEARCH_PATHS = (
					"$(inherited)",
					"@executable_path/Frameworks",
				);
				MARKETING_VERSION = 1.0;
				PRODUCT_BUNDLE_IDENTIFIER = com.SimpleUnitTest;
				PRODUCT_NAME = "$(TARGET_NAME)";
				SWIFT_EMIT_LOC_STRINGS = YES;
				SWIFT_VERSION = 5.0;
				TARGETED_DEVICE_FAMILY = "1,2";
			};
			name = Release;
		};
		0A7DBDC72755966200956755 /* Debug */ = {
			isa = XCBuildConfiguration;
			buildSettings = {
				ALWAYS_EMBED_SWIFT_STANDARD_LIBRARIES = YES;
				BUNDLE_LOADER = "$(TEST_HOST)";
				CODE_SIGN_STYLE = Automatic;
				CURRENT_PROJECT_VERSION = 1;
				DEVELOPMENT_TEAM = ZUMG9R88LL;
				GENERATE_INFOPLIST_FILE = YES;
				IPHONEOS_DEPLOYMENT_TARGET = 15.0;
				LD_RUNPATH_SEARCH_PATHS = (
					"$(inherited)",
					"@executable_path/Frameworks",
					"@loader_path/Frameworks",
				);
				MARKETING_VERSION = 1.0;
				PRODUCT_BUNDLE_IDENTIFIER = com.SimpleUnitTestTests;
				PRODUCT_NAME = "$(TARGET_NAME)";
				SWIFT_EMIT_LOC_STRINGS = NO;
				SWIFT_VERSION = 5.0;
				TARGETED_DEVICE_FAMILY = "1,2";
				TEST_HOST = "$(BUILT_PRODUCTS_DIR)/SimpleUnitTest.app/SimpleUnitTest";
			};
			name = Debug;
		};
		0A7DBDC82755966200956755 /* Release */ = {
			isa = XCBuildConfiguration;
			buildSettings = {
				ALWAYS_EMBED_SWIFT_STANDARD_LIBRARIES = YES;
				BUNDLE_LOADER = "$(TEST_HOST)";
				CODE_SIGN_STYLE = Automatic;
				CURRENT_PROJECT_VERSION = 1;
				DEVELOPMENT_TEAM = ZUMG9R88LL;
				GENERATE_INFOPLIST_FILE = YES;
				IPHONEOS_DEPLOYMENT_TARGET = 15.0;
				LD_RUNPATH_SEARCH_PATHS = (
					"$(inherited)",
					"@executable_path/Frameworks",
					"@loader_path/Frameworks",
				);
				MARKETING_VERSION = 1.0;
				PRODUCT_BUNDLE_IDENTIFIER = com.SimpleUnitTestTests;
				PRODUCT_NAME = "$(TARGET_NAME)";
				SWIFT_EMIT_LOC_STRINGS = NO;
				SWIFT_VERSION = 5.0;
				TARGETED_DEVICE_FAMILY = "1,2";
				TEST_HOST = "$(BUILT_PRODUCTS_DIR)/SimpleUnitTest.app/SimpleUnitTest";
			};
			name = Release;
		};
		0A7DBDCA2755966200956755 /* Debug */ = {
			isa = XCBuildConfiguration;
			buildSettings = {
				ALWAYS_EMBED_SWIFT_STANDARD_LIBRARIES = YES;
				CODE_SIGN_STYLE = Automatic;
				CURRENT_PROJECT_VERSION = 1;
				DEVELOPMENT_TEAM = ZUMG9R88LL;
				GENERATE_INFOPLIST_FILE = YES;
				LD_RUNPATH_SEARCH_PATHS = (
					"$(inherited)",
					"@executable_path/Frameworks",
					"@loader_path/Frameworks",
				);
				MARKETING_VERSION = 1.0;
				PRODUCT_BUNDLE_IDENTIFIER = com.SimpleUnitTestUITests;
				PRODUCT_NAME = "$(TARGET_NAME)";
				SWIFT_EMIT_LOC_STRINGS = NO;
				SWIFT_VERSION = 5.0;
				TARGETED_DEVICE_FAMILY = "1,2";
				TEST_TARGET_NAME = SimpleUnitTest;
			};
			name = Debug;
		};
		0A7DBDCB2755966200956755 /* Release */ = {
			isa = XCBuildConfiguration;
			buildSettings = {
				ALWAYS_EMBED_SWIFT_STANDARD_LIBRARIES = YES;
				CODE_SIGN_STYLE = Automatic;
				CURRENT_PROJECT_VERSION = 1;
				DEVELOPMENT_TEAM = ZUMG9R88LL;
				GENERATE_INFOPLIST_FILE = YES;
				LD_RUNPATH_SEARCH_PATHS = (
					"$(inherited)",
					"@executable_path/Frameworks",
					"@loader_path/Frameworks",
				);
				MARKETING_VERSION = 1.0;
				PRODUCT_BUNDLE_IDENTIFIER = com.SimpleUnitTestUITests;
				PRODUCT_NAME = "$(TARGET_NAME)";
				SWIFT_EMIT_LOC_STRINGS = NO;
				SWIFT_VERSION = 5.0;
				TARGETED_DEVICE_FAMILY = "1,2";
				TEST_TARGET_NAME = SimpleUnitTest;
			};
			name = Release;
		};
/* End XCBuildConfiguration section */

/* Begin XCConfigurationList section */
		0A7DBD942755966000956755 /* Build configuration list for PBXProject "SimpleUnitTest" */ = {
			isa = XCConfigurationList;
			buildConfigurations = (
				0A7DBDC12755966200956755 /* Debug */,
				0A7DBDC22755966200956755 /* Release */,
			);
			defaultConfigurationIsVisible = 0;
			defaultConfigurationName = Release;
		};
		0A7DBDC32755966200956755 /* Build configuration list for PBXNativeTarget "SimpleUnitTest" */ = {
			isa = XCConfigurationList;
			buildConfigurations = (
				0A7DBDC42755966200956755 /* Debug */,
				0A7DBDC52755966200956755 /* Release */,
			);
			defaultConfigurationIsVisible = 0;
			defaultConfigurationName = Release;
		};
		0A7DBDC62755966200956755 /* Build configuration list for PBXNativeTarget "SimpleUnitTestTests" */ = {
			isa = XCConfigurationList;
			buildConfigurations = (
				0A7DBDC72755966200956755 /* Debug */,
				0A7DBDC82755966200956755 /* Release */,
			);
			defaultConfigurationIsVisible = 0;
			defaultConfigurationName = Release;
		};
		0A7DBDC92755966200956755 /* Build configuration list for PBXNativeTarget "SimpleUnitTestUITests" */ = {
			isa = XCConfigurationList;
			buildConfigurations = (
				0A7DBDCA2755966200956755 /* Debug */,
				0A7DBDCB2755966200956755 /* Release */,
			);
			defaultConfigurationIsVisible = 0;
			defaultConfigurationName = Release;
		};
/* End XCConfigurationList section */
	};
	rootObject = 0A7DBD912755966000956755 /* Project object */;
}
